
Microsoft Visual Studio Solution File, Format Version 12.00
# Visual Studio 15
Project("{FAE04EC0-301F-11D3-BF4B-00C04F79EFBC}") = "Assembly-CSharp-Editor", "Assembly-CSharp-Editor.csproj", "{96DAFD24-7CED-ED50-D584-353D33B07E39}"
EndProject
Project("{FAE04EC0-301F-11D3-BF4B-00C04F79EFBC}") = "Assembly-CSharp", "Assembly-CSharp.csproj", "{2AB6E57D-1E7F-4660-A25E-87F3C04CA71F}"
EndProject
Global
	GlobalSection(SolutionConfigurationPlatforms) = preSolution
		Debug|Any CPU = Debug|Any CPU
		Release|Any CPU = Release|Any CPU
	EndGlobalSection
	GlobalSection(ProjectConfigurationPlatforms) = postSolution
		{96DAFD24-7CED-ED50-D584-353D33B07E39}.Debug|Any CPU.ActiveCfg = Debug|Any CPU
		{96DAFD24-7CED-ED50-D584-353D33B07E39}.Debug|Any CPU.Build.0 = Debug|Any CPU
		{96DAFD24-7CED-ED50-D584-353D33B07E39}.Release|Any CPU.ActiveCfg = Release|Any CPU
		{96DAFD24-7CED-ED50-D584-353D33B07E39}.Release|Any CPU.Build.0 = Release|Any CPU
		{2AB6E57D-1E7F-4660-A25E-87F3C04CA71F}.Debug|Any CPU.ActiveCfg = Debug|Any CPU
		{2AB6E57D-1E7F-4660-A25E-87F3C04CA71F}.Debug|Any CPU.Build.0 = Debug|Any CPU
		{2AB6E57D-1E7F-4660-A25E-87F3C04CA71F}.Release|Any CPU.ActiveCfg = Release|Any CPU
		{2AB6E57D-1E7F-4660-A25E-87F3C04CA71F}.Release|Any CPU.Build.0 = Release|Any CPU
	EndGlobalSection
	GlobalSection(SolutionProperties) = preSolution
		HideSolutionNode = FALSE
	EndGlobalSection
EndGlobal
